
Microsoft Visual Studio Solution File, Format Version 12.00
# Visual Studio Version 17
VisualStudioVersion = 17.6.33815.320
MinimumVisualStudioVersion = 10.0.40219.1
Project("{9A19103F-16F7-4668-BE54-9A1E7A4F7556}") = "review_handler.Core", "review_handler.Core\review_handler.Core.csproj", "{6EA23523-44EF-4394-85C3-A3B522A9A5E3}"
EndProject
Project("{9A19103F-16F7-4668-BE54-9A1E7A4F7556}") = "review_handler.Application", "review_handler.Application\review_handler.Application.csproj", "{13AB08E6-F35A-4681-AF7D-647FA218E0EA}"
EndProject
Project("{2150E333-8FDC-42A3-9474-1A3956D46DE8}") = "Core", "Core", "{33B4AC07-3341-4E8B-BD2B-AE692058FC51}"
EndProject
Project("{2150E333-8FDC-42A3-9474-1A3956D46DE8}") = "Application", "Application", "{1BBCA10F-01AF-4D8E-A2D8-256E87AEB348}"
EndProject
Project("{2150E333-8FDC-42A3-9474-1A3956D46DE8}") = "WebUI", "WebUI", "{CBCEEE4F-75B6-4DB6-9FA6-44F40BFE70BD}"
EndProject
Project("{2150E333-8FDC-42A3-9474-1A3956D46DE8}") = "Infrastructure", "Infrastructure", "{2218C9DF-7E65-4050-BA40-760113D06C48}"
EndProject
Project("{9A19103F-16F7-4668-BE54-9A1E7A4F7556}") = "review_handler.Infrastructure", "review_handler.Infrastructure\review_handler.Infrastructure.csproj", "{8B7FAFA3-81E6-4521-BCE2-9492B9B3E77D}"
EndProject
Project("{9A19103F-16F7-4668-BE54-9A1E7A4F7556}") = "review_handler.WebUI", "review_handler.WebUI\review_handler.WebUI.csproj", "{31373F5E-C4EF-4072-8619-2B69C8FB595E}"
EndProject
Project("{2150E333-8FDC-42A3-9474-1A3956D46DE8}") = "Tests", "Tests", "{3DB15187-5507-4B61-B25B-37D278A6FB3F}"
EndProject
Project("{9A19103F-16F7-4668-BE54-9A1E7A4F7556}") = "review_handler.Integration.Tests", "review_handler.Integration.Test\review_handler.Integration.Tests.csproj", "{56D69FB3-F9C9-461A-8F86-8532CBC8E690}"
EndProject
Project("{9A19103F-16F7-4668-BE54-9A1E7A4F7556}") = "review_handler.Unit.Tests", "review_handler.Unit.Tests\review_handler.Unit.Tests.csproj", "{EA2ACB46-9B59-4F58-90FB-A21FF5A01574}"
EndProject
Global
	GlobalSection(SolutionConfigurationPlatforms) = preSolution
		Debug|Any CPU = Debug|Any CPU
		Release|Any CPU = Release|Any CPU
	EndGlobalSection
	GlobalSection(ProjectConfigurationPlatforms) = postSolution
		{6EA23523-44EF-4394-85C3-A3B522A9A5E3}.Debug|Any CPU.ActiveCfg = Debug|Any CPU
		{6EA23523-44EF-4394-85C3-A3B522A9A5E3}.Debug|Any CPU.Build.0 = Debug|Any CPU
		{6EA23523-44EF-4394-85C3-A3B522A9A5E3}.Release|Any CPU.ActiveCfg = Release|Any CPU
		{6EA23523-44EF-4394-85C3-A3B522A9A5E3}.Release|Any CPU.Build.0 = Release|Any CPU
		{13AB08E6-F35A-4681-AF7D-647FA218E0EA}.Debug|Any CPU.ActiveCfg = Debug|Any CPU
		{13AB08E6-F35A-4681-AF7D-647FA218E0EA}.Debug|Any CPU.Build.0 = Debug|Any CPU
		{13AB08E6-F35A-4681-AF7D-647FA218E0EA}.Release|Any CPU.ActiveCfg = Release|Any CPU
		{13AB08E6-F35A-4681-AF7D-647FA218E0EA}.Release|Any CPU.Build.0 = Release|Any CPU
		{8B7FAFA3-81E6-4521-BCE2-9492B9B3E77D}.Debug|Any CPU.ActiveCfg = Debug|Any CPU
		{8B7FAFA3-81E6-4521-BCE2-9492B9B3E77D}.Debug|Any CPU.Build.0 = Debug|Any CPU
		{8B7FAFA3-81E6-4521-BCE2-9492B9B3E77D}.Release|Any CPU.ActiveCfg = Release|Any CPU
		{8B7FAFA3-81E6-4521-BCE2-9492B9B3E77D}.Release|Any CPU.Build.0 = Release|Any CPU
		{31373F5E-C4EF-4072-8619-2B69C8FB595E}.Debug|Any CPU.ActiveCfg = Debug|Any CPU
		{31373F5E-C4EF-4072-8619-2B69C8FB595E}.Debug|Any CPU.Build.0 = Debug|Any CPU
		{31373F5E-C4EF-4072-8619-2B69C8FB595E}.Release|Any CPU.ActiveCfg = Release|Any CPU
		{31373F5E-C4EF-4072-8619-2B69C8FB595E}.Release|Any CPU.Build.0 = Release|Any CPU
		{56D69FB3-F9C9-461A-8F86-8532CBC8E690}.Debug|Any CPU.ActiveCfg = Debug|Any CPU
		{56D69FB3-F9C9-461A-8F86-8532CBC8E690}.Debug|Any CPU.Build.0 = Debug|Any CPU
		{56D69FB3-F9C9-461A-8F86-8532CBC8E690}.Release|Any CPU.ActiveCfg = Release|Any CPU
		{56D69FB3-F9C9-461A-8F86-8532CBC8E690}.Release|Any CPU.Build.0 = Release|Any CPU
		{EA2ACB46-9B59-4F58-90FB-A21FF5A01574}.Debug|Any CPU.ActiveCfg = Debug|Any CPU
		{EA2ACB46-9B59-4F58-90FB-A21FF5A01574}.Debug|Any CPU.Build.0 = Debug|Any CPU
		{EA2ACB46-9B59-4F58-90FB-A21FF5A01574}.Release|Any CPU.ActiveCfg = Release|Any CPU
		{EA2ACB46-9B59-4F58-90FB-A21FF5A01574}.Release|Any CPU.Build.0 = Release|Any CPU
	EndGlobalSection
	GlobalSection(SolutionProperties) = preSolution
		HideSolutionNode = FALSE
	EndGlobalSection
	GlobalSection(NestedProjects) = preSolution
		{6EA23523-44EF-4394-85C3-A3B522A9A5E3} = {33B4AC07-3341-4E8B-BD2B-AE692058FC51}
		{13AB08E6-F35A-4681-AF7D-647FA218E0EA} = {1BBCA10F-01AF-4D8E-A2D8-256E87AEB348}
		{8B7FAFA3-81E6-4521-BCE2-9492B9B3E77D} = {2218C9DF-7E65-4050-BA40-760113D06C48}
		{31373F5E-C4EF-4072-8619-2B69C8FB595E} = {CBCEEE4F-75B6-4DB6-9FA6-44F40BFE70BD}
		{56D69FB3-F9C9-461A-8F86-8532CBC8E690} = {3DB15187-5507-4B61-B25B-37D278A6FB3F}
		{EA2ACB46-9B59-4F58-90FB-A21FF5A01574} = {3DB15187-5507-4B61-B25B-37D278A6FB3F}
	EndGlobalSection
	GlobalSection(ExtensibilityGlobals) = postSolution
		SolutionGuid = {E42DFF3D-369E-4E63-BC24-D32DDCFF38FF}
	EndGlobalSection
EndGlobal
